
Microsoft Visual Studio Solution File, Format Version 12.00
# Visual Studio Version 17
VisualStudioVersion = 17.7.34202.233
MinimumVisualStudioVersion = 10.0.40219.1
Project("{9A19103F-16F7-4668-BE54-9A1E7A4F7556}") = "Library.Database", "Library.Database\Library.Database.csproj", "{650DB6EF-02AE-443B-8277-F86B3F4B41B0}"
EndProject
Project("{9A19103F-16F7-4668-BE54-9A1E7A4F7556}") = "Library.Api", "Library.Api\Library.Api.csproj", "{D65147FE-B972-42DD-BB17-C34CCDDDD828}"
EndProject
Project("{FAE04EC0-301F-11D3-BF4B-00C04F79EFBC}") = "Library.Contracts", "Library.Contracts\Library.Contracts.csproj", "{2EE5288C-06AF-444E-BDE2-EE9DB80CD7FC}"
EndProject
Global
	GlobalSection(SolutionConfigurationPlatforms) = preSolution
		Debug|Any CPU = Debug|Any CPU
		Release|Any CPU = Release|Any CPU
	EndGlobalSection
	GlobalSection(ProjectConfigurationPlatforms) = postSolution
		{650DB6EF-02AE-443B-8277-F86B3F4B41B0}.Debug|Any CPU.ActiveCfg = Debug|Any CPU
		{650DB6EF-02AE-443B-8277-F86B3F4B41B0}.Debug|Any CPU.Build.0 = Debug|Any CPU
		{650DB6EF-02AE-443B-8277-F86B3F4B41B0}.Release|Any CPU.ActiveCfg = Release|Any CPU
		{650DB6EF-02AE-443B-8277-F86B3F4B41B0}.Release|Any CPU.Build.0 = Release|Any CPU
		{D65147FE-B972-42DD-BB17-C34CCDDDD828}.Debug|Any CPU.ActiveCfg = Debug|Any CPU
		{D65147FE-B972-42DD-BB17-C34CCDDDD828}.Debug|Any CPU.Build.0 = Debug|Any CPU
		{D65147FE-B972-42DD-BB17-C34CCDDDD828}.Release|Any CPU.ActiveCfg = Release|Any CPU
		{D65147FE-B972-42DD-BB17-C34CCDDDD828}.Release|Any CPU.Build.0 = Release|Any CPU
		{2EE5288C-06AF-444E-BDE2-EE9DB80CD7FC}.Debug|Any CPU.ActiveCfg = Debug|Any CPU
		{2EE5288C-06AF-444E-BDE2-EE9DB80CD7FC}.Debug|Any CPU.Build.0 = Debug|Any CPU
		{2EE5288C-06AF-444E-BDE2-EE9DB80CD7FC}.Release|Any CPU.ActiveCfg = Release|Any CPU
		{2EE5288C-06AF-444E-BDE2-EE9DB80CD7FC}.Release|Any CPU.Build.0 = Release|Any CPU
	EndGlobalSection
	GlobalSection(SolutionProperties) = preSolution
		HideSolutionNode = FALSE
	EndGlobalSection
	GlobalSection(ExtensibilityGlobals) = postSolution
		SolutionGuid = {292D0186-A894-4EFD-9C8F-1DDB732A2A11}
	EndGlobalSection
EndGlobal
